github.com/gammazero/deque v0.0.0-20200227231300-1e9af0e52b46 h1:iX4+rD9Fjdx8SkmSO/O5WAIX/j79ll3kuqv5VdYt9J8=
github.com/gammazero/deque v0.0.0-20200227231300-1e9af0e52b46/go.mod h1:D90+MBHVc9Sk1lJAbEVgws0eYEurY4mv2TDso3Nxh3w=
github.com/gammazero/workerpool v1.0.0 h1:MfkJc6KL0tAmjrRDS203AZz3F+84Uod9YbL8KjpcQ00=
github.com/gammazero/workerpool v1.0.0/go.mod h1:/XWO2YAUUpPi3smDlFBl0vpX0JHwUomDM/oRMwRmnSs=
github.com/go-stomp/stomp v2.0.6+incompatible h1:4arQsMXdczrQtVOkhY7Rzt0AIDPs3yheg7vvmWEobSA=
github.com/go-stomp/stomp v2.0.6+incompatible/go.mod h1:VqCtqNZv1226A1/79yh+rMiFUcfY3R109np+7ke4n0c=
github.com/kr/pty v1.1.1/go.mod h1:pFQYn66WHrOpPYNljwOMqo10TkYh1fy3cYio2l3bCsQ=
github.com/kr/text v0.1.0 h1:45sCR5RtlFHMR4UwH9sdQ5TC8v0qDQCHnXt+kaKSTVE=
github.com/kr/text v0.1.0/go.mod h1:4Jbv+DJW3UT/LiOwJeYQe1efqtUx/iVham/4vfdArNI=
github.com/niemeyer/pretty v0.0.0-20200227124842-a10e7caefd8e h1:fD57ERR4JtEqsWbfPhv4DMiApHyliiK5xCTNVSPiaAs=
github.com/niemeyer/pretty v0.0.0-20200227124842-a10e7caefd8e/go.mod h1:zD1mROLANZcx1PVRCS0qkT7pwLkGfwJo4zjcN/Tysno=
gopkg.in/check.v1 v1.0.0-20200227125254-8fa46927fb4f h1:BLraFXnmrev5lT+xlilqcH8XK9/i0At2xKjWk4p6zsU=
gopkg.in/check.v1 v1.0.0-20200227125254-8fa46927fb4f/go.mod h1:Co6ibVJAznAaIkqp8huTwlJQCZ016jof/cbN4VW5Yz0=
