github.com/gammazero/deque v0.0.0-20200227231300-1e9af0e52b46 h1:iX4+rD9Fjdx8SkmSO/O5WAIX/j79ll3kuqv5VdYt9J8=
github.com/gammazero/deque v0.0.0-20200227231300-1e9af0e52b46/go.mod h1:D90+MBHVc9Sk1lJAbEVgws0eYEurY4mv2TDso3Nxh3w=
github.com/gammazero/workerpool v1.0.0 h1:MfkJc6KL0tAmjrRDS203AZz3F+84Uod9YbL8KjpcQ00=
github.com/gammazero/workerpool v1.0.0/go.mod h1:/XWO2YAUUpPi3smDlFBl0vpX0JHwUomDM/oRMwRmnSs=
github.com/go-stomp/stomp v2.0.6+incompatible h1:4arQsMXdczrQtVOkhY7Rzt0AIDPs3yheg7vvmWEobSA=
github.com/go-stomp/stomp v2.0.6+incompatible/go.mod h1:VqCtqNZv1226A1/79yh+rMiFUcfY3R109np+7ke4n0c=
